
Microsoft Visual Studio Solution File, Format Version 12.00
# Visual Studio Version 17
VisualStudioVersion = 17.3.32929.385
MinimumVisualStudioVersion = 10.0.40219.1
Project("{FAE04EC0-301F-11D3-BF4B-00C04F79EFBC}") = "FileDownloader", "FileDownloader\FileDownloader.csproj", "{FBC9D85F-537D-41FA-8B09-A63CF2F5940A}"
EndProject
Global
	GlobalSection(SolutionConfigurationPlatforms) = preSolution
		Debug|Any CPU = Debug|Any CPU
		Release|Any CPU = Release|Any CPU
	EndGlobalSection
	GlobalSection(ProjectConfigurationPlatforms) = postSolution
		{FBC9D85F-537D-41FA-8B09-A63CF2F5940A}.Debug|Any CPU.ActiveCfg = Debug|Any CPU
		{FBC9D85F-537D-41FA-8B09-A63CF2F5940A}.Debug|Any CPU.Build.0 = Debug|Any CPU
		{FBC9D85F-537D-41FA-8B09-A63CF2F5940A}.Release|Any CPU.ActiveCfg = Release|Any CPU
		{FBC9D85F-537D-41FA-8B09-A63CF2F5940A}.Release|Any CPU.Build.0 = Release|Any CPU
	EndGlobalSection
	GlobalSection(SolutionProperties) = preSolution
		HideSolutionNode = FALSE
	EndGlobalSection
	GlobalSection(ExtensibilityGlobals) = postSolution
		SolutionGuid = {4F430BA1-95E0-435E-90FE-82352051D46C}
	EndGlobalSection
EndGlobal
